
Microsoft Visual Studio Solution File, Format Version 12.00
# Visual Studio Version 17
VisualStudioVersion = 17.12.35527.113 d17.12
MinimumVisualStudioVersion = 10.0.40219.1
Project("{FAE04EC0-301F-11D3-BF4B-00C04F79EFBC}") = "Everhour.Api", "src\Everhour.Api\Everhour.Api.csproj", "{45E2A07C-196A-4A16-A577-C8332C3F1EFA}"
EndProject
Project("{E53339B2-1760-4266-BCC7-CA923CBCF16C}") = "docker-compose", "docker-compose.dcproj", "{82C76FEE-AE4F-4C4E-84DA-E733EC4A5BA3}"
EndProject
Global
	GlobalSection(SolutionConfigurationPlatforms) = preSolution
		Debug|Any CPU = Debug|Any CPU
		Release|Any CPU = Release|Any CPU
	EndGlobalSection
	GlobalSection(ProjectConfigurationPlatforms) = postSolution
		{45E2A07C-196A-4A16-A577-C8332C3F1EFA}.Debug|Any CPU.ActiveCfg = Debug|Any CPU
		{45E2A07C-196A-4A16-A577-C8332C3F1EFA}.Debug|Any CPU.Build.0 = Debug|Any CPU
		{45E2A07C-196A-4A16-A577-C8332C3F1EFA}.Release|Any CPU.ActiveCfg = Release|Any CPU
		{45E2A07C-196A-4A16-A577-C8332C3F1EFA}.Release|Any CPU.Build.0 = Release|Any CPU
		{82C76FEE-AE4F-4C4E-84DA-E733EC4A5BA3}.Debug|Any CPU.ActiveCfg = Debug|Any CPU
		{82C76FEE-AE4F-4C4E-84DA-E733EC4A5BA3}.Debug|Any CPU.Build.0 = Debug|Any CPU
		{82C76FEE-AE4F-4C4E-84DA-E733EC4A5BA3}.Release|Any CPU.ActiveCfg = Release|Any CPU
		{82C76FEE-AE4F-4C4E-84DA-E733EC4A5BA3}.Release|Any CPU.Build.0 = Release|Any CPU
	EndGlobalSection
	GlobalSection(SolutionProperties) = preSolution
		HideSolutionNode = FALSE
	EndGlobalSection
EndGlobal
